PODS:
  - bubbl_flutter_sdk (3.0.4):
    - BubblSDK (= 3.0.4)
    - Flutter
  - BubblSDK (3.0.4)
  - Flutter (1.0.0)

DEPENDENCIES:
  - bubbl_flutter_sdk (from `.symlinks/plugins/bubbl_flutter_sdk/ios`)
  - BubblSDK (from `../../../ios`)
  - Flutter (from `Flutter`)

EXTERNAL SOURCES:
  bubbl_flutter_sdk:
    :path: ".symlinks/plugins/bubbl_flutter_sdk/ios"
  BubblSDK:
    :path: "../../../ios"
  Flutter:
    :path: Flutter

SPEC CHECKSUMS:
  bubbl_flutter_sdk: 17ac5bec1af37ac919cc15272e14cb7980df7288
  BubblSDK: 40cef94d3567160857c79b0f7df705ac6b6e1cc6
  Flutter: cabc95a1d2626b1b06e7179b784ebcf0c0cde467

PODFILE CHECKSUM: 00a5ad29d5540e06bfdb6ad8341fc266e2c68453

COCOAPODS: 1.16.2
