PODS:
  - bubbl_flutter_sdk (3.1.7):
    - BubblSDK (= 3.1.7)
    - Flutter
  - BubblSDK (3.1.7)
  - Flutter (1.0.0)

DEPENDENCIES:
  - bubbl_flutter_sdk (from `.symlinks/plugins/bubbl_flutter_sdk/ios`)
  - BubblSDK (from `../../../ios`)
  - Flutter (from `Flutter`)

EXTERNAL SOURCES:
  bubbl_flutter_sdk:
    :path: ".symlinks/plugins/bubbl_flutter_sdk/ios"
  BubblSDK:
    :path: "../../../ios"
  Flutter:
    :path: Flutter

SPEC CHECKSUMS:
  bubbl_flutter_sdk: 833e651cec6fe8741d0b95fe9aecbfce5c5e21af
  BubblSDK: 8fe6473ab5faa73ba856792780f8f182f2bfb66a
  Flutter: cabc95a1d2626b1b06e7179b784ebcf0c0cde467

PODFILE CHECKSUM: 00a5ad29d5540e06bfdb6ad8341fc266e2c68453

COCOAPODS: 1.16.2
